
Microsoft Visual Studio Solution File, Format Version 12.00
# Visual Studio 14
VisualStudioVersion = 14.0.25123.0
MinimumVisualStudioVersion = 10.0.40219.1
Project("{85C8EB2F-FE5C-4022-A20B-D6905C96CA0C}") = "Sitecore.Support.127005", "Sitecore.Support.127005\Sitecore.Support.127005.csproj", "{F5FF2DF9-88B0-4235-B251-9297DFDD6417}"
EndProject
Global
	GlobalSection(SolutionConfigurationPlatforms) = preSolution
		Debug|Any CPU = Debug|Any CPU
		Release|Any CPU = Release|Any CPU
	EndGlobalSection
	GlobalSection(ProjectConfigurationPlatforms) = postSolution
		{F5FF2DF9-88B0-4235-B251-9297DFDD6417}.Debug|Any CPU.ActiveCfg = Debug|Any CPU
		{F5FF2DF9-88B0-4235-B251-9297DFDD6417}.Debug|Any CPU.Build.0 = Debug|Any CPU
		{F5FF2DF9-88B0-4235-B251-9297DFDD6417}.Release|Any CPU.ActiveCfg = Release|Any CPU
		{F5FF2DF9-88B0-4235-B251-9297DFDD6417}.Release|Any CPU.Build.0 = Release|Any CPU
	EndGlobalSection
	GlobalSection(SolutionProperties) = preSolution
		HideSolutionNode = FALSE
	EndGlobalSection
EndGlobal
